
Microsoft Visual Studio Solution File, Format Version 12.00
# Visual Studio 15
VisualStudioVersion = 15.0.27004.2010
MinimumVisualStudioVersion = 10.0.40219.1
Project("{FAE04EC0-301F-11D3-BF4B-00C04F79EFBC}") = "Paint", "Paint\Paint.csproj", "{73FE8DED-BCE2-4066-8B22-3AEE7A9F248B}"
EndProject
Global
	GlobalSection(SolutionConfigurationPlatforms) = preSolution
		Debug|Any CPU = Debug|Any CPU
		Release|Any CPU = Release|Any CPU
	EndGlobalSection
	GlobalSection(ProjectConfigurationPlatforms) = postSolution
		{73FE8DED-BCE2-4066-8B22-3AEE7A9F248B}.Debug|Any CPU.ActiveCfg = Debug|Any CPU
		{73FE8DED-BCE2-4066-8B22-3AEE7A9F248B}.Debug|Any CPU.Build.0 = Debug|Any CPU
		{73FE8DED-BCE2-4066-8B22-3AEE7A9F248B}.Release|Any CPU.ActiveCfg = Release|Any CPU
		{73FE8DED-BCE2-4066-8B22-3AEE7A9F248B}.Release|Any CPU.Build.0 = Release|Any CPU
	EndGlobalSection
	GlobalSection(SolutionProperties) = preSolution
		HideSolutionNode = FALSE
	EndGlobalSection
	GlobalSection(ExtensibilityGlobals) = postSolution
		SolutionGuid = {E72AB476-3682-48E0-92B1-993570F4BA16}
	EndGlobalSection
EndGlobal
